
Microsoft Visual Studio Solution File, Format Version 12.00
# Visual Studio Version 17
VisualStudioVersion = 17.3.32825.248
MinimumVisualStudioVersion = 10.0.40219.1
Project("{FAE04EC0-301F-11D3-BF4B-00C04F79EFBC}") = "calculadoraherencia", "calculadoraherencia\calculadoraherencia.csproj", "{2D3E96CD-E845-4A70-A7E1-6EF5253F9005}"
EndProject
Global
	GlobalSection(SolutionConfigurationPlatforms) = preSolution
		Debug|Any CPU = Debug|Any CPU
		Release|Any CPU = Release|Any CPU
	EndGlobalSection
	GlobalSection(ProjectConfigurationPlatforms) = postSolution
		{2D3E96CD-E845-4A70-A7E1-6EF5253F9005}.Debug|Any CPU.ActiveCfg = Debug|Any CPU
		{2D3E96CD-E845-4A70-A7E1-6EF5253F9005}.Debug|Any CPU.Build.0 = Debug|Any CPU
		{2D3E96CD-E845-4A70-A7E1-6EF5253F9005}.Release|Any CPU.ActiveCfg = Release|Any CPU
		{2D3E96CD-E845-4A70-A7E1-6EF5253F9005}.Release|Any CPU.Build.0 = Release|Any CPU
	EndGlobalSection
	GlobalSection(SolutionProperties) = preSolution
		HideSolutionNode = FALSE
	EndGlobalSection
	GlobalSection(ExtensibilityGlobals) = postSolution
		SolutionGuid = {12EB2B11-E41D-41C1-BB79-7F79A865339F}
	EndGlobalSection
EndGlobal
